// !$*UTF8*$!
{
	archiveVersion = 1;
	classes = {
	};
	objectVersion = 52;
	objects = {

/* Begin PBXBuildFile section */
		F103823423ECD11A008708B4 /* AppDelegate.swift in Sources */ = {isa = PBXBuildFile; fileRef = F103823323ECD11A008708B4 /* AppDelegate.swift */; };
		F103823623ECD11A008708B4 /* SceneDelegate.swift in Sources */ = {isa = PBXBuildFile; fileRef = F103823523ECD11A008708B4 /* SceneDelegate.swift */; };
		F103823823ECD11A008708B4 /* ViewController.swift in Sources */ = {isa = PBXBuildFile; fileRef = F103823723ECD11A008708B4 /* ViewController.swift */; };
		F103823B23ECD11A008708B4 /* Main.storyboard in Resources */ = {isa = PBXBuildFile; fileRef = F103823923ECD11A008708B4 /* Main.storyboard */; };
		F103823D23ECD11F008708B4 /* Assets.xcassets in Resources */ = {isa = PBXBuildFile; fileRef = F103823C23ECD11F008708B4 /* Assets.xcassets */; };
		F103824023ECD11F008708B4 /* LaunchScreen.storyboard in Resources */ = {isa = PBXBuildFile; fileRef = F103823E23ECD11F008708B4 /* LaunchScreen.storyboard */; };
		F103824B23ECD120008708B4 /* Pursuit_Core_iOS_Keyboard_Handling_LabTests.swift in Sources */ = {isa = PBXBuildFile; fileRef = F103824A23ECD120008708B4 /* Pursuit_Core_iOS_Keyboard_Handling_LabTests.swift */; };
		F103825623ECD1BB008708B4 /* MainView.swift in Sources */ = {isa = PBXBuildFile; fileRef = F103825523ECD1BB008708B4 /* MainView.swift */; };
		F103825923ECF013008708B4 /* ImageKit in Frameworks */ = {isa = PBXBuildFile; productRef = F103825823ECF013008708B4 /* ImageKit */; };
		F103826223EE1C82008708B4 /* DetailViewController.swift in Sources */ = {isa = PBXBuildFile; fileRef = F103826123EE1C82008708B4 /* DetailViewController.swift */; };
		F103826423EE1CAD008708B4 /* DetailView.swift in Sources */ = {isa = PBXBuildFile; fileRef = F103826323EE1CAD008708B4 /* DetailView.swift */; };
/* End PBXBuildFile section */

/* Begin PBXContainerItemProxy section */
		F103824723ECD120008708B4 /* PBXContainerItemProxy */ = {
			isa = PBXContainerItemProxy;
			containerPortal = F103822823ECD11A008708B4 /* Project object */;
			proxyType = 1;
			remoteGlobalIDString = F103822F23ECD11A008708B4;
			remoteInfo = "Pursuit-Core-iOS-Keyboard-Handling-Lab";
		};
/* End PBXContainerItemProxy section */

/* Begin PBXFileReference section */
		F103823023ECD11A008708B4 /* Pursuit-Core-iOS-Keyboard-Handling-Lab.app */ = {isa = PBXFileReference; explicitFileType = wrapper.application; includeInIndex = 0; path = "Pursuit-Core-iOS-Keyboard-Handling-Lab.app"; sourceTree = BUILT_PRODUCTS_DIR; };
		F103823323ECD11A008708B4 /* AppDelegate.swift */ = {isa = PBXFileReference; lastKnownFileType = sourcecode.swift; path = AppDelegate.swift; sourceTree = "<group>"; };
		F103823523ECD11A008708B4 /* SceneDelegate.swift */ = {isa = PBXFileReference; lastKnownFileType = sourcecode.swift; path = SceneDelegate.swift; sourceTree = "<group>"; };
		F103823723ECD11A008708B4 /* ViewController.swift */ = {isa = PBXFileReference; lastKnownFileType = sourcecode.swift; path = ViewController.swift; sourceTree = "<group>"; };
		F103823A23ECD11A008708B4 /* Base */ = {isa = PBXFileReference; lastKnownFileType = file.storyboard; name = Base; path = Base.lproj/Main.storyboard; sourceTree = "<group>"; };
		F103823C23ECD11F008708B4 /* Assets.xcassets */ = {isa = PBXFileReference; lastKnownFileType = folder.assetcatalog; path = Assets.xcassets; sourceTree = "<group>"; };
		F103823F23ECD11F008708B4 /* Base */ = {isa = PBXFileReference; lastKnownFileType = file.storyboard; name = Base; path = Base.lproj/LaunchScreen.storyboard; sourceTree = "<group>"; };
		F103824123ECD11F008708B4 /* Info.plist */ = {isa = PBXFileReference; lastKnownFileType = text.plist.xml; path = Info.plist; sourceTree = "<group>"; };
		F103824623ECD120008708B4 /* Pursuit-Core-iOS-Keyboard-Handling-LabTests.xctest */ = {isa = PBXFileReference; explicitFileType = wrapper.cfbundle; includeInIndex = 0; path = "Pursuit-Core-iOS-Keyboard-Handling-LabTests.xctest"; sourceTree = BUILT_PRODUCTS_DIR; };
		F103824A23ECD120008708B4 /* Pursuit_Core_iOS_Keyboard_Handling_LabTests.swift */ = {isa = PBXFileReference; lastKnownFileType = sourcecode.swift; path = Pursuit_Core_iOS_Keyboard_Handling_LabTests.swift; sourceTree = "<group>"; };
		F103824C23ECD120008708B4 /* Info.plist */ = {isa = PBXFileReference; lastKnownFileType = text.plist.xml; path = Info.plist; sourceTree = "<group>"; };
		F103825523ECD1BB008708B4 /* MainView.swift */ = {isa = PBXFileReference; lastKnownFileType = sourcecode.swift; path = MainView.swift; sourceTree = "<group>"; };
		F103826123EE1C82008708B4 /* DetailViewController.swift */ = {isa = PBXFileReference; lastKnownFileType = sourcecode.swift; path = DetailViewController.swift; sourceTree = "<group>"; };
		F103826323EE1CAD008708B4 /* DetailView.swift */ = {isa = PBXFileReference; lastKnownFileType = sourcecode.swift; path = DetailView.swift; sourceTree = "<group>"; };
/* End PBXFileReference section */

/* Begin PBXFrameworksBuildPhase section */
		F103822D23ECD11A008708B4 /* Frameworks */ = {
			isa = PBXFrameworksBuildPhase;
			buildActionMask = 2147483647;
			files = (
				F103825923ECF013008708B4 /* ImageKit in Frameworks */,
			);
			runOnlyForDeploymentPostprocessing = 0;
		};
		F103824323ECD120008708B4 /* Frameworks */ = {
			isa = PBXFrameworksBuildPhase;
			buildActionMask = 2147483647;
			files = (
			);
			runOnlyForDeploymentPostprocessing = 0;
		};
/* End PBXFrameworksBuildPhase section */

/* Begin PBXGroup section */
		F103822723ECD11A008708B4 = {
			isa = PBXGroup;
			children = (
				F103823223ECD11A008708B4 /* Pursuit-Core-iOS-Keyboard-Handling-Lab */,
				F103824923ECD120008708B4 /* Pursuit-Core-iOS-Keyboard-Handling-LabTests */,
				F103823123ECD11A008708B4 /* Products */,
			);
			sourceTree = "<group>";
		};
		F103823123ECD11A008708B4 /* Products */ = {
			isa = PBXGroup;
			children = (
				F103823023ECD11A008708B4 /* Pursuit-Core-iOS-Keyboard-Handling-Lab.app */,
				F103824623ECD120008708B4 /* Pursuit-Core-iOS-Keyboard-Handling-LabTests.xctest */,
			);
			name = Products;
			sourceTree = "<group>";
		};
		F103823223ECD11A008708B4 /* Pursuit-Core-iOS-Keyboard-Handling-Lab */ = {
			isa = PBXGroup;
			children = (
				F103825F23EE1C25008708B4 /* Support Files */,
				F103825E23EE1C0F008708B4 /* View Controller */,
				F103826023EE1C57008708B4 /* View */,
				F103824123ECD11F008708B4 /* Info.plist */,
			);
			path = "Pursuit-Core-iOS-Keyboard-Handling-Lab";
			sourceTree = "<group>";
		};
		F103824923ECD120008708B4 /* Pursuit-Core-iOS-Keyboard-Handling-LabTests */ = {
			isa = PBXGroup;
			children = (
				F103824A23ECD120008708B4 /* Pursuit_Core_iOS_Keyboard_Handling_LabTests.swift */,
				F103824C23ECD120008708B4 /* Info.plist */,
			);
			path = "Pursuit-Core-iOS-Keyboard-Handling-LabTests";
			sourceTree = "<group>";
		};
		F103825E23EE1C0F008708B4 /* View Controller */ = {
			isa = PBXGroup;
			children = (
				F103823723ECD11A008708B4 /* ViewController.swift */,
				F103826123EE1C82008708B4 /* DetailViewController.swift */,
			);
			path = "View Controller";
			sourceTree = "<group>";
		};
		F103825F23EE1C25008708B4 /* Support Files */ = {
			isa = PBXGroup;
			children = (
				F103823323ECD11A008708B4 /* AppDelegate.swift */,
				F103823523ECD11A008708B4 /* SceneDelegate.swift */,
				F103823923ECD11A008708B4 /* Main.storyboard */,
				F103823C23ECD11F008708B4 /* Assets.xcassets */,
				F103823E23ECD11F008708B4 /* LaunchScreen.storyboard */,
			);
			path = "Support Files";
			sourceTree = "<group>";
		};
		F103826023EE1C57008708B4 /* View */ = {
			isa = PBXGroup;
			children = (
				F103825523ECD1BB008708B4 /* MainView.swift */,
				F103826323EE1CAD008708B4 /* DetailView.swift */,
			);
			path = View;
			sourceTree = "<group>";
		};
/* End PBXGroup section */

/* Begin PBXNativeTarget section */
		F103822F23ECD11A008708B4 /* Pursuit-Core-iOS-Keyboard-Handling-Lab */ = {
			isa = PBXNativeTarget;
			buildConfigurationList = F103824F23ECD120008708B4 /* Build configuration list for PBXNativeTarget "Pursuit-Core-iOS-Keyboard-Handling-Lab" */;
			buildPhases = (
				F103822C23ECD11A008708B4 /* Sources */,
				F103822D23ECD11A008708B4 /* Frameworks */,
				F103822E23ECD11A008708B4 /* Resources */,
			);
			buildRules = (
			);
			dependencies = (
			);
			name = "Pursuit-Core-iOS-Keyboard-Handling-Lab";
			packageProductDependencies = (
				F103825823ECF013008708B4 /* ImageKit */,
			);
			productName = "Pursuit-Core-iOS-Keyboard-Handling-Lab";
			productReference = F103823023ECD11A008708B4 /* Pursuit-Core-iOS-Keyboard-Handling-Lab.app */;
			productType = "com.apple.product-type.application";
		};
		F103824523ECD120008708B4 /* Pursuit-Core-iOS-Keyboard-Handling-LabTests */ = {
			isa = PBXNativeTarget;
			buildConfigurationList = F103825223ECD120008708B4 /* Build configuration list for PBXNativeTarget "Pursuit-Core-iOS-Keyboard-Handling-LabTests" */;
			buildPhases = (
				F103824223ECD120008708B4 /* Sources */,
				F103824323ECD120008708B4 /* Frameworks */,
				F103824423ECD120008708B4 /* Resources */,
			);
			buildRules = (
			);
			dependencies = (
				F103824823ECD120008708B4 /* PBXTargetDependency */,
			);
			name = "Pursuit-Core-iOS-Keyboard-Handling-LabTests";
			productName = "Pursuit-Core-iOS-Keyboard-Handling-LabTests";
			productReference = F103824623ECD120008708B4 /* Pursuit-Core-iOS-Keyboard-Handling-LabTests.xctest */;
			productType = "com.apple.product-type.bundle.unit-test";
		};
/* End PBXNativeTarget section */

/* Begin PBXProject section */
		F103822823ECD11A008708B4 /* Project object */ = {
			isa = PBXProject;
			attributes = {
				LastSwiftUpdateCheck = 1130;
				LastUpgradeCheck = 1130;
				ORGANIZATIONNAME = "Bienbenido Angeles";
				TargetAttributes = {
					F103822F23ECD11A008708B4 = {
						CreatedOnToolsVersion = 11.3.1;
					};
					F103824523ECD120008708B4 = {
						CreatedOnToolsVersion = 11.3.1;
						TestTargetID = F103822F23ECD11A008708B4;
					};
				};
			};
			buildConfigurationList = F103822B23ECD11A008708B4 /* Build configuration list for PBXProject "Pursuit-Core-iOS-Keyboard-Handling-Lab" */;
			compatibilityVersion = "Xcode 9.3";
			developmentRegion = en;
			hasScannedForEncodings = 0;
			knownRegions = (
				en,
				Base,
			);
			mainGroup = F103822723ECD11A008708B4;
			packageReferences = (
				F103825723ECF013008708B4 /* XCRemoteSwiftPackageReference "ImageKit" */,
			);
			productRefGroup = F103823123ECD11A008708B4 /* Products */;
			projectDirPath = "";
			projectRoot = "";
			targets = (
				F103822F23ECD11A008708B4 /* Pursuit-Core-iOS-Keyboard-Handling-Lab */,
				F103824523ECD120008708B4 /* Pursuit-Core-iOS-Keyboard-Handling-LabTests */,
			);
		};
/* End PBXProject section */

/* Begin PBXResourcesBuildPhase section */
		F103822E23ECD11A008708B4 /* Resources */ = {
			isa = PBXResourcesBuildPhase;
			buildActionMask = 2147483647;
			files = (
				F103824023ECD11F008708B4 /* LaunchScreen.storyboard in Resources */,
				F103823D23ECD11F008708B4 /* Assets.xcassets in Resources */,
				F103823B23ECD11A008708B4 /* Main.storyboard in Resources */,
			);
			runOnlyForDeploymentPostprocessing = 0;
		};
		F103824423ECD120008708B4 /* Resources */ = {
			isa = PBXResourcesBuildPhase;
			buildActionMask = 2147483647;
			files = (
			);
			runOnlyForDeploymentPostprocessing = 0;
		};
/* End PBXResourcesBuildPhase section */

/* Begin PBXSourcesBuildPhase section */
		F103822C23ECD11A008708B4 /* Sources */ = {
			isa = PBXSourcesBuildPhase;
			buildActionMask = 2147483647;
			files = (
				F103823823ECD11A008708B4 /* ViewController.swift in Sources */,
				F103826423EE1CAD008708B4 /* DetailView.swift in Sources */,
				F103825623ECD1BB008708B4 /* MainView.swift in Sources */,
				F103826223EE1C82008708B4 /* DetailViewController.swift in Sources */,
				F103823423ECD11A008708B4 /* AppDelegate.swift in Sources */,
				F103823623ECD11A008708B4 /* SceneDelegate.swift in Sources */,
			);
			runOnlyForDeploymentPostprocessing = 0;
		};
		F103824223ECD120008708B4 /* Sources */ = {
			isa = PBXSourcesBuildPhase;
			buildActionMask = 2147483647;
			files = (
				F103824B23ECD120008708B4 /* Pursuit_Core_iOS_Keyboard_Handling_LabTests.swift in Sources */,
			);
			runOnlyForDeploymentPostprocessing = 0;
		};
/* End PBXSourcesBuildPhase section */

/* Begin PBXTargetDependency section */
		F103824823ECD120008708B4 /* PBXTargetDependency */ = {
			isa = PBXTargetDependency;
			target = F103822F23ECD11A008708B4 /* Pursuit-Core-iOS-Keyboard-Handling-Lab */;
			targetProxy = F103824723ECD120008708B4 /* PBXContainerItemProxy */;
		};
/* End PBXTargetDependency section */

/* Begin PBXVariantGroup section */
		F103823923ECD11A008708B4 /* Main.storyboard */ = {
			isa = PBXVariantGroup;
			children = (
				F103823A23ECD11A008708B4 /* Base */,
			);
			name = Main.storyboard;
			sourceTree = "<group>";
		};
		F103823E23ECD11F008708B4 /* LaunchScreen.storyboard */ = {
			isa = PBXVariantGroup;
			children = (
				F103823F23ECD11F008708B4 /* Base */,
			);
			name = LaunchScreen.storyboard;
			sourceTree = "<group>";
		};
/* End PBXVariantGroup section */

/* Begin XCBuildConfiguration section */
		F103824D23ECD120008708B4 /* Debug */ = {
			isa = XCBuildConfiguration;
			buildSettings = {
				ALWAYS_SEARCH_USER_PATHS = NO;
				CLANG_ANALYZER_NONNULL = YES;
				CLANG_ANALYZER_NUMBER_OBJECT_CONVERSION = YES_AGGRESSIVE;
				CLANG_CXX_LANGUAGE_STANDARD = "gnu++14";
				CLANG_CXX_LIBRARY = "libc++";
				CLANG_ENABLE_MODULES = YES;
				CLANG_ENABLE_OBJC_ARC = YES;
				CLANG_ENABLE_OBJC_WEAK = YES;
				CLANG_WARN_BLOCK_CAPTURE_AUTORELEASING = YES;
				CLANG_WARN_BOOL_CONVERSION = YES;
				CLANG_WARN_COMMA = YES;
				CLANG_WARN_CONSTANT_CONVERSION = YES;
				CLANG_WARN_DEPRECATED_OBJC_IMPLEMENTATIONS = YES;
				CLANG_WARN_DIRECT_OBJC_ISA_USAGE = YES_ERROR;
				CLANG_WARN_DOCUMENTATION_COMMENTS = YES;
				CLANG_WARN_EMPTY_BODY = YES;
				CLANG_WARN_ENUM_CONVERSION = YES;
				CLANG_WARN_INFINITE_RECURSION = YES;
				CLANG_WARN_INT_CONVERSION = YES;
				CLANG_WARN_NON_LITERAL_NULL_CONVERSION = YES;
				CLANG_WARN_OBJC_IMPLICIT_RETAIN_SELF = YES;
				CLANG_WARN_OBJC_LITERAL_CONVERSION = YES;
				CLANG_WARN_OBJC_ROOT_CLASS = YES_ERROR;
				CLANG_WARN_RANGE_LOOP_ANALYSIS = YES;
				CLANG_WARN_STRICT_PROTOTYPES = YES;
				CLANG_WARN_SUSPICIOUS_MOVE = YES;
				CLANG_WARN_UNGUARDED_AVAILABILITY = YES_AGGRESSIVE;
				CLANG_WARN_UNREACHABLE_CODE = YES;
				CLANG_WARN__DUPLICATE_METHOD_MATCH = YES;
				COPY_PHASE_STRIP = NO;
				DEBUG_INFORMATION_FORMAT = dwarf;
				ENABLE_STRICT_OBJC_MSGSEND = YES;
				ENABLE_TESTABILITY = YES;
				GCC_C_LANGUAGE_STANDARD = gnu11;
				GCC_DYNAMIC_NO_PIC = NO;
				GCC_NO_COMMON_BLOCKS = YES;
				GCC_OPTIMIZATION_LEVEL = 0;
				GCC_PREPROCESSOR_DEFINITIONS = (
					"DEBUG=1",
					"$(inherited)",
				);
				GCC_WARN_64_TO_32_BIT_CONVERSION = YES;
				GCC_WARN_ABOUT_RETURN_TYPE = YES_ERROR;
				GCC_WARN_UNDECLARED_SELECTOR = YES;
				GCC_WARN_UNINITIALIZED_AUTOS = YES_AGGRESSIVE;
				GCC_WARN_UNUSED_FUNCTION = YES;
				GCC_WARN_UNUSED_VARIABLE = YES;
				IPHONEOS_DEPLOYMENT_TARGET = 13.2;
				MTL_ENABLE_DEBUG_INFO = INCLUDE_SOURCE;
				MTL_FAST_MATH = YES;
				ONLY_ACTIVE_ARCH = YES;
				SDKROOT = iphoneos;
				SWIFT_ACTIVE_COMPILATION_CONDITIONS = DEBUG;
				SWIFT_OPTIMIZATION_LEVEL = "-Onone";
			};
			name = Debug;
		};
		F103824E23ECD120008708B4 /* Release */ = {
			isa = XCBuildConfiguration;
			buildSettings = {
				ALWAYS_SEARCH_USER_PATHS = NO;
				CLANG_ANALYZER_NONNULL = YES;
				CLANG_ANALYZER_NUMBER_OBJECT_CONVERSION = YES_AGGRESSIVE;
				CLANG_CXX_LANGUAGE_STANDARD = "gnu++14";
				CLANG_CXX_LIBRARY = "libc++";
				CLANG_ENABLE_MODULES = YES;
				CLANG_ENABLE_OBJC_ARC = YES;
				CLANG_ENABLE_OBJC_WEAK = YES;
				CLANG_WARN_BLOCK_CAPTURE_AUTORELEASING = YES;
				CLANG_WARN_BOOL_CONVERSION = YES;
				CLANG_WARN_COMMA = YES;
				CLANG_WARN_CONSTANT_CONVERSION = YES;
				CLANG_WARN_DEPRECATED_OBJC_IMPLEMENTATIONS = YES;
				CLANG_WARN_DIRECT_OBJC_ISA_USAGE = YES_ERROR;
				CLANG_WARN_DOCUMENTATION_COMMENTS = YES;
				CLANG_WARN_EMPTY_BODY = YES;
				CLANG_WARN_ENUM_CONVERSION = YES;
				CLANG_WARN_INFINITE_RECURSION = YES;
				CLANG_WARN_INT_CONVERSION = YES;
				CLANG_WARN_NON_LITERAL_NULL_CONVERSION = YES;
				CLANG_WARN_OBJC_IMPLICIT_RETAIN_SELF = YES;
				CLANG_WARN_OBJC_LITERAL_CONVERSION = YES;
				CLANG_WARN_OBJC_ROOT_CLASS = YES_ERROR;
				CLANG_WARN_RANGE_LOOP_ANALYSIS = YES;
				CLANG_WARN_STRICT_PROTOTYPES = YES;
				CLANG_WARN_SUSPICIOUS_MOVE = YES;
				CLANG_WARN_UNGUARDED_AVAILABILITY = YES_AGGRESSIVE;
				CLANG_WARN_UNREACHABLE_CODE = YES;
				CLANG_WARN__DUPLICATE_METHOD_MATCH = YES;
				COPY_PHASE_STRIP = NO;
				DEBUG_INFORMATION_FORMAT = "dwarf-with-dsym";
				ENABLE_NS_ASSERTIONS = NO;
				ENABLE_STRICT_OBJC_MSGSEND = YES;
				GCC_C_LANGUAGE_STANDARD = gnu11;
				GCC_NO_COMMON_BLOCKS = YES;
				GCC_WARN_64_TO_32_BIT_CONVERSION = YES;
				GCC_WARN_ABOUT_RETURN_TYPE = YES_ERROR;
				GCC_WARN_UNDECLARED_SELECTOR = YES;
				GCC_WARN_UNINITIALIZED_AUTOS = YES_AGGRESSIVE;
				GCC_WARN_UNUSED_FUNCTION = YES;
				GCC_WARN_UNUSED_VARIABLE = YES;
				IPHONEOS_DEPLOYMENT_TARGET = 13.2;
				MTL_ENABLE_DEBUG_INFO = NO;
				MTL_FAST_MATH = YES;
				SDKROOT = iphoneos;
				SWIFT_COMPILATION_MODE = wholemodule;
				SWIFT_OPTIMIZATION_LEVEL = "-O";
				VALIDATE_PRODUCT = YES;
			};
			name = Release;
		};
		F103825023ECD120008708B4 /* Debug */ = {
			isa = XCBuildConfiguration;
			buildSettings = {
				ASSETCATALOG_COMPILER_APPICON_NAME = AppIcon;
				CODE_SIGN_STYLE = Automatic;
				DEVELOPMENT_TEAM = QZLWJATC87;
				INFOPLIST_FILE = "Pursuit-Core-iOS-Keyboard-Handling-Lab/Info.plist";
				LD_RUNPATH_SEARCH_PATHS = (
					"$(inherited)",
					"@executable_path/Frameworks",
				);
				PRODUCT_BUNDLE_IDENTIFIER = "com.BienbenidoAngeles.Pursuit-Core-iOS-Keyboard-Handling-Lab";
				PRODUCT_NAME = "$(TARGET_NAME)";
				SWIFT_VERSION = 5.0;
				TARGETED_DEVICE_FAMILY = "1,2";
			};
			name = Debug;
		};
		F103825123ECD120008708B4 /* Release */ = {
			isa = XCBuildConfiguration;
			buildSettings = {
				ASSETCATALOG_COMPILER_APPICON_NAME = AppIcon;
				CODE_SIGN_STYLE = Automatic;
				DEVELOPMENT_TEAM = QZLWJATC87;
				INFOPLIST_FILE = "Pursuit-Core-iOS-Keyboard-Handling-Lab/Info.plist";
				LD_RUNPATH_SEARCH_PATHS = (
					"$(inherited)",
					"@executable_path/Frameworks",
				);
				PRODUCT_BUNDLE_IDENTIFIER = "com.BienbenidoAngeles.Pursuit-Core-iOS-Keyboard-Handling-Lab";
				PRODUCT_NAME = "$(TARGET_NAME)";
				SWIFT_VERSION = 5.0;
				TARGETED_DEVICE_FAMILY = "1,2";
			};
			name = Release;
		};
		F103825323ECD120008708B4 /* Debug */ = {
			isa = XCBuildConfiguration;
			buildSettings = {
				ALWAYS_EMBED_SWIFT_STANDARD_LIBRARIES = YES;
				BUNDLE_LOADER = "$(TEST_HOST)";
				CODE_SIGN_STYLE = Automatic;
				DEVELOPMENT_TEAM = QZLWJATC87;
				INFOPLIST_FILE = "Pursuit-Core-iOS-Keyboard-Handling-LabTests/Info.plist";
				IPHONEOS_DEPLOYMENT_TARGET = 13.2;
				LD_RUNPATH_SEARCH_PATHS = (
					"$(inherited)",
					"@executable_path/Frameworks",
					"@loader_path/Frameworks",
				);
				PRODUCT_BUNDLE_IDENTIFIER = "com.BienbenidoAngeles.Pursuit-Core-iOS-Keyboard-Handling-LabTests";
				PRODUCT_NAME = "$(TARGET_NAME)";
				SWIFT_VERSION = 5.0;
				TARGETED_DEVICE_FAMILY = "1,2";
				TEST_HOST = "$(BUILT_PRODUCTS_DIR)/Pursuit-Core-iOS-Keyboard-Handling-Lab.app/Pursuit-Core-iOS-Keyboard-Handling-Lab";
			};
			name = Debug;
		};
		F103825423ECD120008708B4 /* Release */ = {
			isa = XCBuildConfiguration;
			buildSettings = {
				ALWAYS_EMBED_SWIFT_STANDARD_LIBRARIES = YES;
				BUNDLE_LOADER = "$(TEST_HOST)";
				CODE_SIGN_STYLE = Automatic;
				DEVELOPMENT_TEAM = QZLWJATC87;
				INFOPLIST_FILE = "Pursuit-Core-iOS-Keyboard-Handling-LabTests/Info.plist";
				IPHONEOS_DEPLOYMENT_TARGET = 13.2;
				LD_RUNPATH_SEARCH_PATHS = (
					"$(inherited)",
					"@executable_path/Frameworks",
					"@loader_path/Frameworks",
				);
				PRODUCT_BUNDLE_IDENTIFIER = "com.BienbenidoAngeles.Pursuit-Core-iOS-Keyboard-Handling-LabTests";
				PRODUCT_NAME = "$(TARGET_NAME)";
				SWIFT_VERSION = 5.0;
				TARGETED_DEVICE_FAMILY = "1,2";
				TEST_HOST = "$(BUILT_PRODUCTS_DIR)/Pursuit-Core-iOS-Keyboard-Handling-Lab.app/Pursuit-Core-iOS-Keyboard-Handling-Lab";
			};
			name = Release;
		};
/* End XCBuildConfiguration section */

/* Begin XCConfigurationList section */
		F103822B23ECD11A008708B4 /* Build configuration list for PBXProject "Pursuit-Core-iOS-Keyboard-Handling-Lab" */ = {
			isa = XCConfigurationList;
			buildConfigurations = (
				F103824D23ECD120008708B4 /* Debug */,
				F103824E23ECD120008708B4 /* Release */,
			);
			defaultConfigurationIsVisible = 0;
			defaultConfigurationName = Release;
		};
		F103824F23ECD120008708B4 /* Build configuration list for PBXNativeTarget "Pursuit-Core-iOS-Keyboard-Handling-Lab" */ = {
			isa = XCConfigurationList;
			buildConfigurations = (
				F103825023ECD120008708B4 /* Debug */,
				F103825123ECD120008708B4 /* Release */,
			);
			defaultConfigurationIsVisible = 0;
			defaultConfigurationName = Release;
		};
		F103825223ECD120008708B4 /* Build configuration list for PBXNativeTarget "Pursuit-Core-iOS-Keyboard-Handling-LabTests" */ = {
			isa = XCConfigurationList;
			buildConfigurations = (
				F103825323ECD120008708B4 /* Debug */,
				F103825423ECD120008708B4 /* Release */,
			);
			defaultConfigurationIsVisible = 0;
			defaultConfigurationName = Release;
		};
/* End XCConfigurationList section */

/* Begin XCRemoteSwiftPackageReference section */
		F103825723ECF013008708B4 /* XCRemoteSwiftPackageReference "ImageKit" */ = {
			isa = XCRemoteSwiftPackageReference;
			repositoryURL = "https://github.com/alexpaul/ImageKit.git";
			requirement = {
				kind = upToNextMajorVersion;
				minimumVersion = 1.0.4;
			};
		};
/* End XCRemoteSwiftPackageReference section */

/* Begin XCSwiftPackageProductDependency section */
		F103825823ECF013008708B4 /* ImageKit */ = {
			isa = XCSwiftPackageProductDependency;
			package = F103825723ECF013008708B4 /* XCRemoteSwiftPackageReference "ImageKit" */;
			productName = ImageKit;
		};
/* End XCSwiftPackageProductDependency section */
	};
	rootObject = F103822823ECD11A008708B4 /* Project object */;
}
